{
    "_readme": [
        "This file locks the dependencies of your project to a known state",
        "Read more about it at https://getcomposer.org/doc/01-basic-usage.md#installing-dependencies",
        "This file is @generated automatically"
    ],
    "content-hash": "29e81e3723d1bdaf6667b80983e6b6ba",
    "packages": [
        {
            "name": "openpsa/ranger",
            "version": "v0.6.0",
            "source": {
                "type": "git",
                "url": "https://github.com/flack/ranger.git",
                "reference": "09fbb1f88040923bfa7c7252d987876079c3f446"
            },
            "dist": {
                "type": "zip",
                "url": "https://api.github.com/repos/flack/ranger/zipball/09fbb1f88040923bfa7c7252d987876079c3f446",
                "reference": "09fbb1f88040923bfa7c7252d987876079c3f446",
                "shasum": ""
            },
            "require": {
                "php": ">=7.0"
            },
            "require-dev": {
                "phpunit/phpunit": ">=6.5"
            },
            "suggest": {
                "ext-intl": "Needed for usage with other locales than 'en'",
                "symfony/intl": "Optional PHP alternative to ext-intl"
            },
            "type": "library",
            "autoload": {
                "psr-4": {
                    "OpenPsa\\Ranger\\": "src/"
                }
            },
            "notification-url": "https://packagist.org/downloads/",
            "license": [
                "MIT"
            ],
            "authors": [
                {
                    "name": "Andreas Flack",
                    "email": "flack@contentcontrol-berlin.de",
                    "homepage": "http://www.contentcontrol-berlin.de/"
                }
            ],
            "description": "Formatter for date and time ranges with i18n support",
            "keywords": [
                "date range",
                "time range"
            ],
            "support": {
                "issues": "https://github.com/flack/ranger/issues",
                "source": "https://github.com/flack/ranger/tree/v0.6.0"
            },
            "time": "2025-12-03T16:27:22+00:00"
        }
    ],
    "packages-dev": [],
    "aliases": [],
    "minimum-stability": "stable",
    "stability-flags": {},
    "prefer-stable": false,
    "prefer-lowest": false,
    "platform": {
        "php": "^8.2"
    },
    "platform-dev": {},
    "plugin-api-version": "2.9.0"
}
